
Microsoft Visual Studio Solution File, Format Version 12.00
# Visual Studio Version 17
VisualStudioVersion = 17.8.34316.72
MinimumVisualStudioVersion = 10.0.40219.1
Project("{FAE04EC0-301F-11D3-BF4B-00C04F79EFBC}") = "Clipper", "Clipper.csproj", "{0EDDB9CA-A885-4073-933E-5AFE06885857}"
EndProject
Global
	GlobalSection(SolutionConfigurationPlatforms) = preSolution
		Debug|Any CPU = Debug|Any CPU
		Release|Any CPU = Release|Any CPU
	EndGlobalSection
	GlobalSection(ProjectConfigurationPlatforms) = postSolution
		{0EDDB9CA-A885-4073-933E-5AFE06885857}.Debug|Any CPU.ActiveCfg = Debug|Any CPU
		{0EDDB9CA-A885-4073-933E-5AFE06885857}.Debug|Any CPU.Build.0 = Debug|Any CPU
		{0EDDB9CA-A885-4073-933E-5AFE06885857}.Release|Any CPU.ActiveCfg = Release|Any CPU
		{0EDDB9CA-A885-4073-933E-5AFE06885857}.Release|Any CPU.Build.0 = Release|Any CPU
	EndGlobalSection
	GlobalSection(SolutionProperties) = preSolution
		HideSolutionNode = FALSE
	EndGlobalSection
	GlobalSection(ExtensibilityGlobals) = postSolution
		SolutionGuid = {37EF8197-44D7-4202-8A0B-D7CC66C5F4CC}
	EndGlobalSection
EndGlobal
